
Microsoft Visual Studio Solution File, Format Version 12.00
# Visual Studio Version 16
VisualStudioVersion = 16.0.30804.86
MinimumVisualStudioVersion = 10.0.40219.1
Project("{9A19103F-16F7-4668-BE54-9A1E7A4F7556}") = "Paycompute", "Paycompute.csproj", "{EC2D9A91-A98C-41AF-B372-1B56C594A56C}"
EndProject
Project("{9A19103F-16F7-4668-BE54-9A1E7A4F7556}") = "Paycompute.Services", "..\Paycompute.Services\Paycompute.Services.csproj", "{10FC6A89-8BF8-4EF7-8E21-B0FFB8A3495B}"
EndProject
Project("{9A19103F-16F7-4668-BE54-9A1E7A4F7556}") = "Paycompute.Persistence", "..\Paycompute.Persistence\Paycompute.Persistence.csproj", "{103EAE69-C2F7-464E-B7EA-CA66B448906D}"
EndProject
Project("{9A19103F-16F7-4668-BE54-9A1E7A4F7556}") = "Paycompute.Entity", "..\Paycompute.Entity\Paycompute.Entity.csproj", "{3E77E859-202F-4EE8-80A0-D5E6309C74A5}"
EndProject
Global
	GlobalSection(SolutionConfigurationPlatforms) = preSolution
		Debug|Any CPU = Debug|Any CPU
		Release|Any CPU = Release|Any CPU
	EndGlobalSection
	GlobalSection(ProjectConfigurationPlatforms) = postSolution
		{EC2D9A91-A98C-41AF-B372-1B56C594A56C}.Debug|Any CPU.ActiveCfg = Debug|Any CPU
		{EC2D9A91-A98C-41AF-B372-1B56C594A56C}.Debug|Any CPU.Build.0 = Debug|Any CPU
		{EC2D9A91-A98C-41AF-B372-1B56C594A56C}.Release|Any CPU.ActiveCfg = Release|Any CPU
		{EC2D9A91-A98C-41AF-B372-1B56C594A56C}.Release|Any CPU.Build.0 = Release|Any CPU
		{10FC6A89-8BF8-4EF7-8E21-B0FFB8A3495B}.Debug|Any CPU.ActiveCfg = Debug|Any CPU
		{10FC6A89-8BF8-4EF7-8E21-B0FFB8A3495B}.Debug|Any CPU.Build.0 = Debug|Any CPU
		{10FC6A89-8BF8-4EF7-8E21-B0FFB8A3495B}.Release|Any CPU.ActiveCfg = Release|Any CPU
		{10FC6A89-8BF8-4EF7-8E21-B0FFB8A3495B}.Release|Any CPU.Build.0 = Release|Any CPU
		{103EAE69-C2F7-464E-B7EA-CA66B448906D}.Debug|Any CPU.ActiveCfg = Debug|Any CPU
		{103EAE69-C2F7-464E-B7EA-CA66B448906D}.Debug|Any CPU.Build.0 = Debug|Any CPU
		{103EAE69-C2F7-464E-B7EA-CA66B448906D}.Release|Any CPU.ActiveCfg = Release|Any CPU
		{103EAE69-C2F7-464E-B7EA-CA66B448906D}.Release|Any CPU.Build.0 = Release|Any CPU
		{3E77E859-202F-4EE8-80A0-D5E6309C74A5}.Debug|Any CPU.ActiveCfg = Debug|Any CPU
		{3E77E859-202F-4EE8-80A0-D5E6309C74A5}.Debug|Any CPU.Build.0 = Debug|Any CPU
		{3E77E859-202F-4EE8-80A0-D5E6309C74A5}.Release|Any CPU.ActiveCfg = Release|Any CPU
		{3E77E859-202F-4EE8-80A0-D5E6309C74A5}.Release|Any CPU.Build.0 = Release|Any CPU
	EndGlobalSection
	GlobalSection(SolutionProperties) = preSolution
		HideSolutionNode = FALSE
	EndGlobalSection
	GlobalSection(ExtensibilityGlobals) = postSolution
		SolutionGuid = {CCB721D9-0A79-447A-A05A-0BF95A25F645}
	EndGlobalSection
EndGlobal
